
Microsoft Visual Studio Solution File, Format Version 12.00
# Visual Studio Version 17
VisualStudioVersion = 17.8.34330.188
MinimumVisualStudioVersion = 10.0.40219.1
Project("{FAE04EC0-301F-11D3-BF4B-00C04F79EFBC}") = "PetConnect", "PetConnect\PetConnect.csproj", "{380F37B0-0194-4283-87C6-CD24C86E7319}"
EndProject
Global
	GlobalSection(SolutionConfigurationPlatforms) = preSolution
		Debug|Any CPU = Debug|Any CPU
		Release|Any CPU = Release|Any CPU
	EndGlobalSection
	GlobalSection(ProjectConfigurationPlatforms) = postSolution
		{380F37B0-0194-4283-87C6-CD24C86E7319}.Debug|Any CPU.ActiveCfg = Debug|Any CPU
		{380F37B0-0194-4283-87C6-CD24C86E7319}.Debug|Any CPU.Build.0 = Debug|Any CPU
		{380F37B0-0194-4283-87C6-CD24C86E7319}.Release|Any CPU.ActiveCfg = Release|Any CPU
		{380F37B0-0194-4283-87C6-CD24C86E7319}.Release|Any CPU.Build.0 = Release|Any CPU
	EndGlobalSection
	GlobalSection(SolutionProperties) = preSolution
		HideSolutionNode = FALSE
	EndGlobalSection
	GlobalSection(ExtensibilityGlobals) = postSolution
		SolutionGuid = {6913AA02-2A36-486E-B925-70ABA66F2FDA}
	EndGlobalSection
EndGlobal
